
Microsoft Visual Studio Solution File, Format Version 12.00
# Visual Studio Version 17
VisualStudioVersion = 17.1.32414.318
MinimumVisualStudioVersion = 10.0.40219.1
Project("{9A19103F-16F7-4668-BE54-9A1E7A4F7556}") = "EsPark_WebApplication", "EsPark_WebApplication\EsPark_WebApplication.csproj", "{B0DDEDAF-CEE4-4780-A3EF-4C58E5111A2C}"
EndProject
Global
	GlobalSection(SolutionConfigurationPlatforms) = preSolution
		Debug|Any CPU = Debug|Any CPU
		Release|Any CPU = Release|Any CPU
	EndGlobalSection
	GlobalSection(ProjectConfigurationPlatforms) = postSolution
		{B0DDEDAF-CEE4-4780-A3EF-4C58E5111A2C}.Debug|Any CPU.ActiveCfg = Debug|Any CPU
		{B0DDEDAF-CEE4-4780-A3EF-4C58E5111A2C}.Debug|Any CPU.Build.0 = Debug|Any CPU
		{B0DDEDAF-CEE4-4780-A3EF-4C58E5111A2C}.Release|Any CPU.ActiveCfg = Release|Any CPU
		{B0DDEDAF-CEE4-4780-A3EF-4C58E5111A2C}.Release|Any CPU.Build.0 = Release|Any CPU
	EndGlobalSection
	GlobalSection(SolutionProperties) = preSolution
		HideSolutionNode = FALSE
	EndGlobalSection
	GlobalSection(ExtensibilityGlobals) = postSolution
		SolutionGuid = {54BDEB9A-E121-4C3B-9A27-FF8B6F9FA8E6}
	EndGlobalSection
	GlobalSection(TeamFoundationVersionControl) = preSolution
		SccNumberOfProjects = 2
		SccEnterpriseProvider = {4CA58AB2-18FA-4F8D-95D4-32DDF27D184C}
		SccTeamFoundationServer = https://mstfsserver.elektrosoft.com.tr/tfs/elektrosoft
		SccLocalPath0 = .
		SccProjectUniqueName1 = EsPark_WebApplication\\EsPark_WebApplication.csproj
		SccProjectName1 = EsPark_WebApplication
		SccLocalPath1 = EsPark_WebApplication
	EndGlobalSection
EndGlobal
